
Microsoft Visual Studio Solution File, Format Version 12.00
# Visual Studio 2012
Project("{FAE04EC0-301F-11D3-BF4B-00C04F79EFBC}") = "HW1_encrypt", "HW1_encrypt\HW1_encrypt.csproj", "{37F8CA7E-6E4D-43A3-9761-B5DED465982F}"
EndProject
Global
	GlobalSection(SolutionConfigurationPlatforms) = preSolution
		Debug|Any CPU = Debug|Any CPU
		Release|Any CPU = Release|Any CPU
	EndGlobalSection
	GlobalSection(ProjectConfigurationPlatforms) = postSolution
		{37F8CA7E-6E4D-43A3-9761-B5DED465982F}.Debug|Any CPU.ActiveCfg = Debug|Any CPU
		{37F8CA7E-6E4D-43A3-9761-B5DED465982F}.Debug|Any CPU.Build.0 = Debug|Any CPU
		{37F8CA7E-6E4D-43A3-9761-B5DED465982F}.Release|Any CPU.ActiveCfg = Release|Any CPU
		{37F8CA7E-6E4D-43A3-9761-B5DED465982F}.Release|Any CPU.Build.0 = Release|Any CPU
	EndGlobalSection
EndGlobal
